
Microsoft Visual Studio Solution File, Format Version 12.00
# Visual Studio Version 16
VisualStudioVersion = 16.0.30011.22
MinimumVisualStudioVersion = 10.0.40219.1
Project("{FAE04EC0-301F-11D3-BF4B-00C04F79EFBC}") = "Course", "Course\Course.csproj", "{4CF26E3F-14A2-4F4B-84F7-BE946AE57ECD}"
EndProject
Global
	GlobalSection(SolutionConfigurationPlatforms) = preSolution
		Debug|Any CPU = Debug|Any CPU
		Release|Any CPU = Release|Any CPU
	EndGlobalSection
	GlobalSection(ProjectConfigurationPlatforms) = postSolution
		{4CF26E3F-14A2-4F4B-84F7-BE946AE57ECD}.Debug|Any CPU.ActiveCfg = Debug|Any CPU
		{4CF26E3F-14A2-4F4B-84F7-BE946AE57ECD}.Debug|Any CPU.Build.0 = Debug|Any CPU
		{4CF26E3F-14A2-4F4B-84F7-BE946AE57ECD}.Release|Any CPU.ActiveCfg = Release|Any CPU
		{4CF26E3F-14A2-4F4B-84F7-BE946AE57ECD}.Release|Any CPU.Build.0 = Release|Any CPU
	EndGlobalSection
	GlobalSection(SolutionProperties) = preSolution
		HideSolutionNode = FALSE
	EndGlobalSection
	GlobalSection(ExtensibilityGlobals) = postSolution
		SolutionGuid = {66A4C2AC-A3D5-4B55-BFBC-58B6470C3AEB}
	EndGlobalSection
EndGlobal
